
Microsoft Visual Studio Solution File, Format Version 12.00
# Visual Studio Version 16
VisualStudioVersion = 16.0.29424.173
MinimumVisualStudioVersion = 10.0.40219.1
Project("{9A19103F-16F7-4668-BE54-9A1E7A4F7556}") = "WizKids.API", "WizKids.API\WizKids.API.csproj", "{4234D665-1B7D-452B-914D-ECBC44E826FB}"
EndProject
Project("{9A19103F-16F7-4668-BE54-9A1E7A4F7556}") = "WizKids.App", "..\..\..\..\..\WinKidsDemoProject\WizKids.App\WizKids.App.csproj", "{6AE9D3DE-624C-49E7-ADFD-D938CCCACA9B}"
EndProject
Global
	GlobalSection(SolutionConfigurationPlatforms) = preSolution
		Debug|Any CPU = Debug|Any CPU
		Release|Any CPU = Release|Any CPU
	EndGlobalSection
	GlobalSection(ProjectConfigurationPlatforms) = postSolution
		{4234D665-1B7D-452B-914D-ECBC44E826FB}.Debug|Any CPU.ActiveCfg = Debug|Any CPU
		{4234D665-1B7D-452B-914D-ECBC44E826FB}.Debug|Any CPU.Build.0 = Debug|Any CPU
		{4234D665-1B7D-452B-914D-ECBC44E826FB}.Release|Any CPU.ActiveCfg = Release|Any CPU
		{4234D665-1B7D-452B-914D-ECBC44E826FB}.Release|Any CPU.Build.0 = Release|Any CPU
		{6AE9D3DE-624C-49E7-ADFD-D938CCCACA9B}.Debug|Any CPU.ActiveCfg = Debug|Any CPU
		{6AE9D3DE-624C-49E7-ADFD-D938CCCACA9B}.Debug|Any CPU.Build.0 = Debug|Any CPU
		{6AE9D3DE-624C-49E7-ADFD-D938CCCACA9B}.Release|Any CPU.ActiveCfg = Release|Any CPU
		{6AE9D3DE-624C-49E7-ADFD-D938CCCACA9B}.Release|Any CPU.Build.0 = Release|Any CPU
	EndGlobalSection
	GlobalSection(SolutionProperties) = preSolution
		HideSolutionNode = FALSE
	EndGlobalSection
	GlobalSection(ExtensibilityGlobals) = postSolution
		SolutionGuid = {008DCA5B-0B51-4C81-9DF9-60BF1981647F}
	EndGlobalSection
EndGlobal
